// !$*UTF8*$!
{
	archiveVersion = 1;
	classes = {
	};
	objectVersion = 56;
	objects = {

/* Begin PBXBuildFile section */
		17A8B2A62923AABF0021E8C5 /* AppDelegate.m in Sources */ = {isa = PBXBuildFile; fileRef = 17A8B2A52923AABF0021E8C5 /* AppDelegate.m */; };
		17A8B2A92923AABF0021E8C5 /* SceneDelegate.m in Sources */ = {isa = PBXBuildFile; fileRef = 17A8B2A82923AABF0021E8C5 /* SceneDelegate.m */; };
		17A8B2AC2923AABF0021E8C5 /* ViewController.m in Sources */ = {isa = PBXBuildFile; fileRef = 17A8B2AB2923AABF0021E8C5 /* ViewController.m */; };
		17A8B2AF2923AABF0021E8C5 /* Main.storyboard in Resources */ = {isa = PBXBuildFile; fileRef = 17A8B2AD2923AABF0021E8C5 /* Main.storyboard */; };
		17A8B2B22923AABF0021E8C5 /* Demogit.xcdatamodeld in Sources */ = {isa = PBXBuildFile; fileRef = 17A8B2B02923AABF0021E8C5 /* Demogit.xcdatamodeld */; };
		17A8B2B42923AAC10021E8C5 /* Assets.xcassets in Resources */ = {isa = PBXBuildFile; fileRef = 17A8B2B32923AAC10021E8C5 /* Assets.xcassets */; };
		17A8B2B72923AAC10021E8C5 /* LaunchScreen.storyboard in Resources */ = {isa = PBXBuildFile; fileRef = 17A8B2B52923AAC10021E8C5 /* LaunchScreen.storyboard */; };
		17A8B2BA2923AAC10021E8C5 /* main.m in Sources */ = {isa = PBXBuildFile; fileRef = 17A8B2B92923AAC10021E8C5 /* main.m */; };
		17A8B2C22923B7CF0021E8C5 /* ViewController2.m in Sources */ = {isa = PBXBuildFile; fileRef = 17A8B2C12923B7CF0021E8C5 /* ViewController2.m */; };
		17E7972C2923CC060026DB14 /* ViewController3.m in Sources */ = {isa = PBXBuildFile; fileRef = 17E7972B2923CC060026DB14 /* ViewController3.m */; };
/* End PBXBuildFile section */

/* Begin PBXFileReference section */
		17A8B2A12923AABF0021E8C5 /* Demogit.app */ = {isa = PBXFileReference; explicitFileType = wrapper.application; includeInIndex = 0; path = Demogit.app; sourceTree = BUILT_PRODUCTS_DIR; };
		17A8B2A42923AABF0021E8C5 /* AppDelegate.h */ = {isa = PBXFileReference; lastKnownFileType = sourcecode.c.h; path = AppDelegate.h; sourceTree = "<group>"; };
		17A8B2A52923AABF0021E8C5 /* AppDelegate.m */ = {isa = PBXFileReference; lastKnownFileType = sourcecode.c.objc; path = AppDelegate.m; sourceTree = "<group>"; };
		17A8B2A72923AABF0021E8C5 /* SceneDelegate.h */ = {isa = PBXFileReference; lastKnownFileType = sourcecode.c.h; path = SceneDelegate.h; sourceTree = "<group>"; };
		17A8B2A82923AABF0021E8C5 /* SceneDelegate.m */ = {isa = PBXFileReference; lastKnownFileType = sourcecode.c.objc; path = SceneDelegate.m; sourceTree = "<group>"; };
		17A8B2AA2923AABF0021E8C5 /* ViewController.h */ = {isa = PBXFileReference; lastKnownFileType = sourcecode.c.h; path = ViewController.h; sourceTree = "<group>"; };
		17A8B2AB2923AABF0021E8C5 /* ViewController.m */ = {isa = PBXFileReference; lastKnownFileType = sourcecode.c.objc; path = ViewController.m; sourceTree = "<group>"; };
		17A8B2AE2923AABF0021E8C5 /* Base */ = {isa = PBXFileReference; lastKnownFileType = file.storyboard; name = Base; path = Base.lproj/Main.storyboard; sourceTree = "<group>"; };
		17A8B2B12923AABF0021E8C5 /* Demogit.xcdatamodel */ = {isa = PBXFileReference; lastKnownFileType = wrapper.xcdatamodel; path = Demogit.xcdatamodel; sourceTree = "<group>"; };
		17A8B2B32923AAC10021E8C5 /* Assets.xcassets */ = {isa = PBXFileReference; lastKnownFileType = folder.assetcatalog; path = Assets.xcassets; sourceTree = "<group>"; };
		17A8B2B62923AAC10021E8C5 /* Base */ = {isa = PBXFileReference; lastKnownFileType = file.storyboard; name = Base; path = Base.lproj/LaunchScreen.storyboard; sourceTree = "<group>"; };
		17A8B2B82923AAC10021E8C5 /* Info.plist */ = {isa = PBXFileReference; lastKnownFileType = text.plist.xml; path = Info.plist; sourceTree = "<group>"; };
		17A8B2B92923AAC10021E8C5 /* main.m */ = {isa = PBXFileReference; lastKnownFileType = sourcecode.c.objc; path = main.m; sourceTree = "<group>"; };
		17A8B2C02923B7CF0021E8C5 /* ViewController2.h */ = {isa = PBXFileReference; lastKnownFileType = sourcecode.c.h; path = ViewController2.h; sourceTree = "<group>"; };
		17A8B2C12923B7CF0021E8C5 /* ViewController2.m */ = {isa = PBXFileReference; lastKnownFileType = sourcecode.c.objc; path = ViewController2.m; sourceTree = "<group>"; };
		17E7972A2923CC060026DB14 /* ViewController3.h */ = {isa = PBXFileReference; lastKnownFileType = sourcecode.c.h; path = ViewController3.h; sourceTree = "<group>"; };
		17E7972B2923CC060026DB14 /* ViewController3.m */ = {isa = PBXFileReference; lastKnownFileType = sourcecode.c.objc; path = ViewController3.m; sourceTree = "<group>"; };
/* End PBXFileReference section */

/* Begin PBXFrameworksBuildPhase section */
		17A8B29E2923AABF0021E8C5 /* Frameworks */ = {
			isa = PBXFrameworksBuildPhase;
			buildActionMask = 2147483647;
			files = (
			);
			runOnlyForDeploymentPostprocessing = 0;
		};
/* End PBXFrameworksBuildPhase section */

/* Begin PBXGroup section */
		17A8B2982923AABF0021E8C5 = {
			isa = PBXGroup;
			children = (
				17A8B2A32923AABF0021E8C5 /* Demogit */,
				17A8B2A22923AABF0021E8C5 /* Products */,
			);
			sourceTree = "<group>";
		};
		17A8B2A22923AABF0021E8C5 /* Products */ = {
			isa = PBXGroup;
			children = (
				17A8B2A12923AABF0021E8C5 /* Demogit.app */,
			);
			name = Products;
			sourceTree = "<group>";
		};
		17A8B2A32923AABF0021E8C5 /* Demogit */ = {
			isa = PBXGroup;
			children = (
				17A8B2A42923AABF0021E8C5 /* AppDelegate.h */,
				17A8B2A52923AABF0021E8C5 /* AppDelegate.m */,
				17A8B2A72923AABF0021E8C5 /* SceneDelegate.h */,
				17A8B2A82923AABF0021E8C5 /* SceneDelegate.m */,
				17A8B2AA2923AABF0021E8C5 /* ViewController.h */,
				17A8B2AB2923AABF0021E8C5 /* ViewController.m */,
				17A8B2AD2923AABF0021E8C5 /* Main.storyboard */,
				17A8B2B32923AAC10021E8C5 /* Assets.xcassets */,
				17A8B2B52923AAC10021E8C5 /* LaunchScreen.storyboard */,
				17A8B2B82923AAC10021E8C5 /* Info.plist */,
				17A8B2B92923AAC10021E8C5 /* main.m */,
				17A8B2B02923AABF0021E8C5 /* Demogit.xcdatamodeld */,
				17A8B2C02923B7CF0021E8C5 /* ViewController2.h */,
				17A8B2C12923B7CF0021E8C5 /* ViewController2.m */,
				17E7972A2923CC060026DB14 /* ViewController3.h */,
				17E7972B2923CC060026DB14 /* ViewController3.m */,
			);
			path = Demogit;
			sourceTree = "<group>";
		};
/* End PBXGroup section */

/* Begin PBXNativeTarget section */
		17A8B2A02923AABF0021E8C5 /* Demogit */ = {
			isa = PBXNativeTarget;
			buildConfigurationList = 17A8B2BD2923AAC10021E8C5 /* Build configuration list for PBXNativeTarget "Demogit" */;
			buildPhases = (
				17A8B29D2923AABF0021E8C5 /* Sources */,
				17A8B29E2923AABF0021E8C5 /* Frameworks */,
				17A8B29F2923AABF0021E8C5 /* Resources */,
			);
			buildRules = (
			);
			dependencies = (
			);
			name = Demogit;
			productName = Demogit;
			productReference = 17A8B2A12923AABF0021E8C5 /* Demogit.app */;
			productType = "com.apple.product-type.application";
		};
/* End PBXNativeTarget section */

/* Begin PBXProject section */
		17A8B2992923AABF0021E8C5 /* Project object */ = {
			isa = PBXProject;
			attributes = {
				BuildIndependentTargetsInParallel = 1;
				LastUpgradeCheck = 1410;
				TargetAttributes = {
					17A8B2A02923AABF0021E8C5 = {
						CreatedOnToolsVersion = 14.1;
					};
				};
			};
			buildConfigurationList = 17A8B29C2923AABF0021E8C5 /* Build configuration list for PBXProject "Demogit" */;
			compatibilityVersion = "Xcode 14.0";
			developmentRegion = en;
			hasScannedForEncodings = 0;
			knownRegions = (
				en,
				Base,
			);
			mainGroup = 17A8B2982923AABF0021E8C5;
			productRefGroup = 17A8B2A22923AABF0021E8C5 /* Products */;
			projectDirPath = "";
			projectRoot = "";
			targets = (
				17A8B2A02923AABF0021E8C5 /* Demogit */,
			);
		};
/* End PBXProject section */

/* Begin PBXResourcesBuildPhase section */
		17A8B29F2923AABF0021E8C5 /* Resources */ = {
			isa = PBXResourcesBuildPhase;
			buildActionMask = 2147483647;
			files = (
				17A8B2B72923AAC10021E8C5 /* LaunchScreen.storyboard in Resources */,
				17A8B2B42923AAC10021E8C5 /* Assets.xcassets in Resources */,
				17A8B2AF2923AABF0021E8C5 /* Main.storyboard in Resources */,
			);
			runOnlyForDeploymentPostprocessing = 0;
		};
/* End PBXResourcesBuildPhase section */

/* Begin PBXSourcesBuildPhase section */
		17A8B29D2923AABF0021E8C5 /* Sources */ = {
			isa = PBXSourcesBuildPhase;
			buildActionMask = 2147483647;
			files = (
				17A8B2BA2923AAC10021E8C5 /* main.m in Sources */,
				17A8B2AC2923AABF0021E8C5 /* ViewController.m in Sources */,
				17A8B2B22923AABF0021E8C5 /* Demogit.xcdatamodeld in Sources */,
				17A8B2A62923AABF0021E8C5 /* AppDelegate.m in Sources */,
				17A8B2A92923AABF0021E8C5 /* SceneDelegate.m in Sources */,
				17A8B2C22923B7CF0021E8C5 /* ViewController2.m in Sources */,
				17E7972C2923CC060026DB14 /* ViewController3.m in Sources */,
			);
			runOnlyForDeploymentPostprocessing = 0;
		};
/* End PBXSourcesBuildPhase section */

/* Begin PBXVariantGroup section */
		17A8B2AD2923AABF0021E8C5 /* Main.storyboard */ = {
			isa = PBXVariantGroup;
			children = (
				17A8B2AE2923AABF0021E8C5 /* Base */,
			);
			name = Main.storyboard;
			sourceTree = "<group>";
		};
		17A8B2B52923AAC10021E8C5 /* LaunchScreen.storyboard */ = {
			isa = PBXVariantGroup;
			children = (
				17A8B2B62923AAC10021E8C5 /* Base */,
			);
			name = LaunchScreen.storyboard;
			sourceTree = "<group>";
		};
/* End PBXVariantGroup section */

/* Begin XCBuildConfiguration section */
		17A8B2BB2923AAC10021E8C5 /* Debug */ = {
			isa = XCBuildConfiguration;
			buildSettings = {
				ALWAYS_SEARCH_USER_PATHS = NO;
				CLANG_ANALYZER_NONNULL = YES;
				CLANG_ANALYZER_NUMBER_OBJECT_CONVERSION = YES_AGGRESSIVE;
				CLANG_CXX_LANGUAGE_STANDARD = "gnu++20";
				CLANG_ENABLE_MODULES = YES;
				CLANG_ENABLE_OBJC_ARC = YES;
				CLANG_ENABLE_OBJC_WEAK = YES;
				CLANG_WARN_BLOCK_CAPTURE_AUTORELEASING = YES;
				CLANG_WARN_BOOL_CONVERSION = YES;
				CLANG_WARN_COMMA = YES;
				CLANG_WARN_CONSTANT_CONVERSION = YES;
				CLANG_WARN_DEPRECATED_OBJC_IMPLEMENTATIONS = YES;
				CLANG_WARN_DIRECT_OBJC_ISA_USAGE = YES_ERROR;
				CLANG_WARN_DOCUMENTATION_COMMENTS = YES;
				CLANG_WARN_EMPTY_BODY = YES;
				CLANG_WARN_ENUM_CONVERSION = YES;
				CLANG_WARN_INFINITE_RECURSION = YES;
				CLANG_WARN_INT_CONVERSION = YES;
				CLANG_WARN_NON_LITERAL_NULL_CONVERSION = YES;
				CLANG_WARN_OBJC_IMPLICIT_RETAIN_SELF = YES;
				CLANG_WARN_OBJC_LITERAL_CONVERSION = YES;
				CLANG_WARN_OBJC_ROOT_CLASS = YES_ERROR;
				CLANG_WARN_QUOTED_INCLUDE_IN_FRAMEWORK_HEADER = YES;
				CLANG_WARN_RANGE_LOOP_ANALYSIS = YES;
				CLANG_WARN_STRICT_PROTOTYPES = YES;
				CLANG_WARN_SUSPICIOUS_MOVE = YES;
				CLANG_WARN_UNGUARDED_AVAILABILITY = YES_AGGRESSIVE;
				CLANG_WARN_UNREACHABLE_CODE = YES;
				CLANG_WARN__DUPLICATE_METHOD_MATCH = YES;
				COPY_PHASE_STRIP = NO;
				DEBUG_INFORMATION_FORMAT = dwarf;
				ENABLE_STRICT_OBJC_MSGSEND = YES;
				ENABLE_TESTABILITY = YES;
				GCC_C_LANGUAGE_STANDARD = gnu11;
				GCC_DYNAMIC_NO_PIC = NO;
				GCC_NO_COMMON_BLOCKS = YES;
				GCC_OPTIMIZATION_LEVEL = 0;
				GCC_PREPROCESSOR_DEFINITIONS = (
					"DEBUG=1",
					"$(inherited)",
				);
				GCC_WARN_64_TO_32_BIT_CONVERSION = YES;
				GCC_WARN_ABOUT_RETURN_TYPE = YES_ERROR;
				GCC_WARN_UNDECLARED_SELECTOR = YES;
				GCC_WARN_UNINITIALIZED_AUTOS = YES_AGGRESSIVE;
				GCC_WARN_UNUSED_FUNCTION = YES;
				GCC_WARN_UNUSED_VARIABLE = YES;
				IPHONEOS_DEPLOYMENT_TARGET = 16.1;
				MTL_ENABLE_DEBUG_INFO = INCLUDE_SOURCE;
				MTL_FAST_MATH = YES;
				ONLY_ACTIVE_ARCH = YES;
				SDKROOT = iphoneos;
			};
			name = Debug;
		};
		17A8B2BC2923AAC10021E8C5 /* Release */ = {
			isa = XCBuildConfiguration;
			buildSettings = {
				ALWAYS_SEARCH_USER_PATHS = NO;
				CLANG_ANALYZER_NONNULL = YES;
				CLANG_ANALYZER_NUMBER_OBJECT_CONVERSION = YES_AGGRESSIVE;
				CLANG_CXX_LANGUAGE_STANDARD = "gnu++20";
				CLANG_ENABLE_MODULES = YES;
				CLANG_ENABLE_OBJC_ARC = YES;
				CLANG_ENABLE_OBJC_WEAK = YES;
				CLANG_WARN_BLOCK_CAPTURE_AUTORELEASING = YES;
				CLANG_WARN_BOOL_CONVERSION = YES;
				CLANG_WARN_COMMA = YES;
				CLANG_WARN_CONSTANT_CONVERSION = YES;
				CLANG_WARN_DEPRECATED_OBJC_IMPLEMENTATIONS = YES;
				CLANG_WARN_DIRECT_OBJC_ISA_USAGE = YES_ERROR;
				CLANG_WARN_DOCUMENTATION_COMMENTS = YES;
				CLANG_WARN_EMPTY_BODY = YES;
				CLANG_WARN_ENUM_CONVERSION = YES;
				CLANG_WARN_INFINITE_RECURSION = YES;
				CLANG_WARN_INT_CONVERSION = YES;
				CLANG_WARN_NON_LITERAL_NULL_CONVERSION = YES;
				CLANG_WARN_OBJC_IMPLICIT_RETAIN_SELF = YES;
				CLANG_WARN_OBJC_LITERAL_CONVERSION = YES;
				CLANG_WARN_OBJC_ROOT_CLASS = YES_ERROR;
				CLANG_WARN_QUOTED_INCLUDE_IN_FRAMEWORK_HEADER = YES;
				CLANG_WARN_RANGE_LOOP_ANALYSIS = YES;
				CLANG_WARN_STRICT_PROTOTYPES = YES;
				CLANG_WARN_SUSPICIOUS_MOVE = YES;
				CLANG_WARN_UNGUARDED_AVAILABILITY = YES_AGGRESSIVE;
				CLANG_WARN_UNREACHABLE_CODE = YES;
				CLANG_WARN__DUPLICATE_METHOD_MATCH = YES;
				COPY_PHASE_STRIP = NO;
				DEBUG_INFORMATION_FORMAT = "dwarf-with-dsym";
				ENABLE_NS_ASSERTIONS = NO;
				ENABLE_STRICT_OBJC_MSGSEND = YES;
				GCC_C_LANGUAGE_STANDARD = gnu11;
				GCC_NO_COMMON_BLOCKS = YES;
				GCC_WARN_64_TO_32_BIT_CONVERSION = YES;
				GCC_WARN_ABOUT_RETURN_TYPE = YES_ERROR;
				GCC_WARN_UNDECLARED_SELECTOR = YES;
				GCC_WARN_UNINITIALIZED_AUTOS = YES_AGGRESSIVE;
				GCC_WARN_UNUSED_FUNCTION = YES;
				GCC_WARN_UNUSED_VARIABLE = YES;
				IPHONEOS_DEPLOYMENT_TARGET = 16.1;
				MTL_ENABLE_DEBUG_INFO = NO;
				MTL_FAST_MATH = YES;
				SDKROOT = iphoneos;
				VALIDATE_PRODUCT = YES;
			};
			name = Release;
		};
		17A8B2BE2923AAC10021E8C5 /* Debug */ = {
			isa = XCBuildConfiguration;
			buildSettings = {
				ASSETCATALOG_COMPILER_APPICON_NAME = AppIcon;
				ASSETCATALOG_COMPILER_GLOBAL_ACCENT_COLOR_NAME = AccentColor;
				CODE_SIGN_STYLE = Automatic;
				CURRENT_PROJECT_VERSION = 1;
				DEVELOPMENT_TEAM = 3WF2GCTWGP;
				GENERATE_INFOPLIST_FILE = YES;
				INFOPLIST_FILE = Demogit/Info.plist;
				INFOPLIST_KEY_UIApplicationSupportsIndirectInputEvents = YES;
				INFOPLIST_KEY_UILaunchStoryboardName = LaunchScreen;
				INFOPLIST_KEY_UIMainStoryboardFile = Main;
				INFOPLIST_KEY_UISupportedInterfaceOrientations_iPad = "UIInterfaceOrientationPortrait UIInterfaceOrientationPortraitUpsideDown UIInterfaceOrientationLandscapeLeft UIInterfaceOrientationLandscapeRight";
				INFOPLIST_KEY_UISupportedInterfaceOrientations_iPhone = "UIInterfaceOrientationPortrait UIInterfaceOrientationLandscapeLeft UIInterfaceOrientationLandscapeRight";
				LD_RUNPATH_SEARCH_PATHS = (
					"$(inherited)",
					"@executable_path/Frameworks",
				);
				MARKETING_VERSION = 1.0;
				PRODUCT_BUNDLE_IDENTIFIER = com.ApliteProduct.Demogit;
				PRODUCT_NAME = "$(TARGET_NAME)";
				SWIFT_EMIT_LOC_STRINGS = YES;
				TARGETED_DEVICE_FAMILY = "1,2";
			};
			name = Debug;
		};
		17A8B2BF2923AAC10021E8C5 /* Release */ = {
			isa = XCBuildConfiguration;
			buildSettings = {
				ASSETCATALOG_COMPILER_APPICON_NAME = AppIcon;
				ASSETCATALOG_COMPILER_GLOBAL_ACCENT_COLOR_NAME = AccentColor;
				CODE_SIGN_STYLE = Automatic;
				CURRENT_PROJECT_VERSION = 1;
				DEVELOPMENT_TEAM = 3WF2GCTWGP;
				GENERATE_INFOPLIST_FILE = YES;
				INFOPLIST_FILE = Demogit/Info.plist;
				INFOPLIST_KEY_UIApplicationSupportsIndirectInputEvents = YES;
				INFOPLIST_KEY_UILaunchStoryboardName = LaunchScreen;
				INFOPLIST_KEY_UIMainStoryboardFile = Main;
				INFOPLIST_KEY_UISupportedInterfaceOrientations_iPad = "UIInterfaceOrientationPortrait UIInterfaceOrientationPortraitUpsideDown UIInterfaceOrientationLandscapeLeft UIInterfaceOrientationLandscapeRight";
				INFOPLIST_KEY_UISupportedInterfaceOrientations_iPhone = "UIInterfaceOrientationPortrait UIInterfaceOrientationLandscapeLeft UIInterfaceOrientationLandscapeRight";
				LD_RUNPATH_SEARCH_PATHS = (
					"$(inherited)",
					"@executable_path/Frameworks",
				);
				MARKETING_VERSION = 1.0;
				PRODUCT_BUNDLE_IDENTIFIER = com.ApliteProduct.Demogit;
				PRODUCT_NAME = "$(TARGET_NAME)";
				SWIFT_EMIT_LOC_STRINGS = YES;
				TARGETED_DEVICE_FAMILY = "1,2";
			};
			name = Release;
		};
/* End XCBuildConfiguration section */

/* Begin XCConfigurationList section */
		17A8B29C2923AABF0021E8C5 /* Build configuration list for PBXProject "Demogit" */ = {
			isa = XCConfigurationList;
			buildConfigurations = (
				17A8B2BB2923AAC10021E8C5 /* Debug */,
				17A8B2BC2923AAC10021E8C5 /* Release */,
			);
			defaultConfigurationIsVisible = 0;
			defaultConfigurationName = Release;
		};
		17A8B2BD2923AAC10021E8C5 /* Build configuration list for PBXNativeTarget "Demogit" */ = {
			isa = XCConfigurationList;
			buildConfigurations = (
				17A8B2BE2923AAC10021E8C5 /* Debug */,
				17A8B2BF2923AAC10021E8C5 /* Release */,
			);
			defaultConfigurationIsVisible = 0;
			defaultConfigurationName = Release;
		};
/* End XCConfigurationList section */

/* Begin XCVersionGroup section */
		17A8B2B02923AABF0021E8C5 /* Demogit.xcdatamodeld */ = {
			isa = XCVersionGroup;
			children = (
				17A8B2B12923AABF0021E8C5 /* Demogit.xcdatamodel */,
			);
			currentVersion = 17A8B2B12923AABF0021E8C5 /* Demogit.xcdatamodel */;
			path = Demogit.xcdatamodeld;
			sourceTree = "<group>";
			versionGroupType = wrapper.xcdatamodel;
		};
/* End XCVersionGroup section */
	};
	rootObject = 17A8B2992923AABF0021E8C5 /* Project object */;
}
